# This file is automatically @generated by Poetry 1.6.1 and should not be changed by hand.

[[package]]
name = "markdown-it-py"
version = "3.0.0"
description = "Python port of markdown-it. Markdown parsing, done right!"
optional = false
python-versions = ">=3.8"
files = [
    {file = "markdown-it-py-3.0.0.tar.gz", hash = "sha256:e3f60a94fa066dc52ec76661e37c851cb232d92f9886b15cb560aaada2df8feb"},
    {file = "markdown_it_py-3.0.0-py3-none-any.whl", hash = "sha256:355216845c60bd96232cd8d8c40e8f9765cc86f46880e43a8fd22dc1a1a8cab1"},
]

[package.dependencies]
mdurl = ">=0.1,<1.0"

[package.extras]
benchmarking = ["psutil", "pytest", "pytest-benchmark"]
code-style = ["pre-commit (>=3.0,<4.0)"]
compare = ["commonmark (>=0.9,<1.0)", "markdown (>=3.4,<4.0)", "mistletoe (>=1.0,<2.0)", "mistune (>=2.0,<3.0)", "panflute (>=2.3,<3.0)"]
linkify = ["linkify-it-py (>=1,<3)"]
plugins = ["mdit-py-plugins"]
profiling = ["gprof2dot"]
rtd = ["jupyter_sphinx", "mdit-py-plugins", "myst-parser", "pyyaml", "sphinx", "sphinx-copybutton", "sphinx-design", "sphinx_book_theme"]
testing = ["coverage", "pytest", "pytest-cov", "pytest-regressions"]

[[package]]
name = "mdurl"
version = "0.1.2"
description = "Markdown URL utilities"
optional = false
python-versions = ">=3.7"
files = [
    {file = "mdurl-0.1.2-py3-none-any.whl", hash = "sha256:84008a41e51615a49fc9966191ff91509e3c40b939176e643fd50a5c2196b8f8"},
    {file = "mdurl-0.1.2.tar.gz", hash = "sha256:bb413d29f5eea38f31dd4754dd7377d4465116fb207585f97bf925588687c1ba"},
]

[[package]]
name = "pygments"
version = "2.16.1"
description = "Pygments is a syntax highlighting package written in Python."
optional = false
python-versions = ">=3.7"
files = [
    {file = "Pygments-2.16.1-py3-none-any.whl", hash = "sha256:13fc09fa63bc8d8671a6d247e1eb303c4b343eaee81d861f3404db2935653692"},
    {file = "Pygments-2.16.1.tar.gz", hash = "sha256:1daff0494820c69bc8941e407aa20f577374ee88364ee10a98fdbe0aece96e29"},
]

[package.extras]
plugins = ["importlib-metadata"]

[[package]]
name = "raylib-py"
version = "4.5.0.post1"
description = "A simple and easy-to-use library to enjoy videogames programming (written in C)"
optional = false
python-versions = ">=3.3"
files = [
    {file = "raylib-py-4.5.0.post1.tar.gz", hash = "sha256:198b76c89ae8073ee7c4a0d24c92647df5638f35997d20ac0b93bb9ca7596ec3"},
    {file = "raylib_py-4.5.0.post1-py3-none-any.whl", hash = "sha256:1e0a3652e2c5bada0053ab08ed82e115125c78071b4ecc9456c405783d220e92"},
]

[[package]]
name = "rich"
version = "13.6.0"
description = "Render rich text, tables, progress bars, syntax highlighting, markdown and more to the terminal"
optional = false
python-versions = ">=3.7.0"
files = [
    {file = "rich-13.6.0-py3-none-any.whl", hash = "sha256:2b38e2fe9ca72c9a00170a1a2d20c63c790d0e10ef1fe35eba76e1e7b1d7d245"},
    {file = "rich-13.6.0.tar.gz", hash = "sha256:5c14d22737e6d5084ef4771b62d5d4363165b403455a30a1c8ca39dc7b644bef"},
]

[package.dependencies]
markdown-it-py = ">=2.2.0"
pygments = ">=2.13.0,<3.0.0"

[package.extras]
jupyter = ["ipywidgets (>=7.5.1,<9)"]

[[package]]
name = "ruff"
version = "0.1.3"
description = "An extremely fast Python linter, written in Rust."
optional = false
python-versions = ">=3.7"
files = [
    {file = "ruff-0.1.3-py3-none-macosx_10_7_x86_64.whl", hash = "sha256:b46d43d51f7061652eeadb426a9e3caa1e0002470229ab2fc19de8a7b0766901"},
    {file = "ruff-0.1.3-py3-none-macosx_10_9_x86_64.macosx_11_0_arm64.macosx_10_9_universal2.whl", hash = "sha256:b8afeb9abd26b4029c72adc9921b8363374f4e7edb78385ffaa80278313a15f9"},
    {file = "ruff-0.1.3-py3-none-manylinux_2_17_aarch64.manylinux2014_aarch64.whl", hash = "sha256:ca3cf365bf32e9ba7e6db3f48a4d3e2c446cd19ebee04f05338bc3910114528b"},
    {file = "ruff-0.1.3-py3-none-manylinux_2_17_armv7l.manylinux2014_armv7l.whl", hash = "sha256:4874c165f96c14a00590dcc727a04dca0cfd110334c24b039458c06cf78a672e"},
    {file = "ruff-0.1.3-py3-none-manylinux_2_17_i686.manylinux2014_i686.whl", hash = "sha256:eec2dd31eed114e48ea42dbffc443e9b7221976554a504767ceaee3dd38edeb8"},
    {file = "ruff-0.1.3-py3-none-manylinux_2_17_ppc64.manylinux2014_ppc64.whl", hash = "sha256:dc3ec4edb3b73f21b4aa51337e16674c752f1d76a4a543af56d7d04e97769613"},
    {file = "ruff-0.1.3-py3-none-manylinux_2_17_ppc64le.manylinux2014_ppc64le.whl", hash = "sha256:2e3de9ed2e39160800281848ff4670e1698037ca039bda7b9274f849258d26ce"},
    {file = "ruff-0.1.3-py3-none-manylinux_2_17_s390x.manylinux2014_s390x.whl", hash = "sha256:1c595193881922cc0556a90f3af99b1c5681f0c552e7a2a189956141d8666fe8"},
    {file = "ruff-0.1.3-py3-none-manylinux_2_17_x86_64.manylinux2014_x86_64.whl", hash = "sha256:0f75e670d529aa2288cd00fc0e9b9287603d95e1536d7a7e0cafe00f75e0dd9d"},
    {file = "ruff-0.1.3-py3-none-musllinux_1_2_aarch64.whl", hash = "sha256:76dd49f6cd945d82d9d4a9a6622c54a994689d8d7b22fa1322983389b4892e20"},
    {file = "ruff-0.1.3-py3-none-musllinux_1_2_armv7l.whl", hash = "sha256:918b454bc4f8874a616f0d725590277c42949431ceb303950e87fef7a7d94cb3"},
    {file = "ruff-0.1.3-py3-none-musllinux_1_2_i686.whl", hash = "sha256:d8859605e729cd5e53aa38275568dbbdb4fe882d2ea2714c5453b678dca83784"},
    {file = "ruff-0.1.3-py3-none-musllinux_1_2_x86_64.whl", hash = "sha256:0b6c55f5ef8d9dd05b230bb6ab80bc4381ecb60ae56db0330f660ea240cb0d4a"},
    {file = "ruff-0.1.3-py3-none-win32.whl", hash = "sha256:3e7afcbdcfbe3399c34e0f6370c30f6e529193c731b885316c5a09c9e4317eef"},
    {file = "ruff-0.1.3-py3-none-win_amd64.whl", hash = "sha256:7a18df6638cec4a5bd75350639b2bb2a2366e01222825562c7346674bdceb7ea"},
    {file = "ruff-0.1.3-py3-none-win_arm64.whl", hash = "sha256:12fd53696c83a194a2db7f9a46337ce06445fb9aa7d25ea6f293cf75b21aca9f"},
    {file = "ruff-0.1.3.tar.gz", hash = "sha256:3ba6145369a151401d5db79f0a47d50e470384d0d89d0d6f7fab0b589ad07c34"},
]

[[package]]
name = "sumolib"
version = "1.18.0"
description = "Python helper modules to read networks, parse output data and do other useful stuff related to the traffic simulation Eclipse SUMO"
optional = false
python-versions = "*"
files = [
    {file = "sumolib-1.18.0-py3-none-any.whl", hash = "sha256:6e517a1a4870f09a8dd5a8b169f9895149a917eef2276d7c0e492bb9c6f4919d"},
    {file = "sumolib-1.18.0.tar.gz", hash = "sha256:7c00129a6ed31600fbc72e061ca346a793a63fe645ac356f300e5df9f15cc0b2"},
]

[package.extras]
visualization = ["matplotlib"]

[[package]]
name = "traci"
version = "1.18.0"
description = "The pure python version of the TraCI API to communicate with the traffic simulation Eclipse SUMO"
optional = false
python-versions = "*"
files = [
    {file = "traci-1.18.0-py3-none-any.whl", hash = "sha256:79e11dd85777c0929d690d2c5e2ae0e9b2205b7c810b4a099c80c9d95c44fc08"},
    {file = "traci-1.18.0.tar.gz", hash = "sha256:a316f174cfbb208d6d9ed518857d11bb54f628f5d2f764307a712d342345075f"},
]

[package.dependencies]
sumolib = ">=1.18.0"

[[package]]
name = "xmltodict"
version = "0.13.0"
description = "Makes working with XML feel like you are working with JSON"
optional = false
python-versions = ">=3.4"
files = [
    {file = "xmltodict-0.13.0-py2.py3-none-any.whl", hash = "sha256:aa89e8fd76320154a40d19a0df04a4695fb9dc5ba977cbb68ab3e4eb225e7852"},
    {file = "xmltodict-0.13.0.tar.gz", hash = "sha256:341595a488e3e01a85a9d8911d8912fd922ede5fecc4dce437eb4b6c8d037e56"},
]

[metadata]
lock-version = "2.0"
python-versions = "^3.10"
content-hash = "0280ff7c5659bef9062cffc928de0271643b8c6d3c64ece600a597a182ecb7d9"
